<?xml version="1.0" encoding="utf-8"?>
<Project ToolsVersion="4.0" xmlns="http://schemas.microsoft.com/developer/msbuild/2003">
  <ItemGroup>
    <Filter Include="Source Files">
      <UniqueIdentifier>{4FC737F1-C7A5-4376-A066-2A32D752A2FF}</UniqueIdentifier>
      <Extensions>cpp;c;cc;cxx;def;odl;idl;hpj;bat;asm;asmx</Extensions>
    </Filter>
    <Filter Include="Header Files">
      <UniqueIdentifier>{93995380-89BD-4b04-88EB-625FBE52EBFB}</UniqueIdentifier>
      <Extensions>h;hpp;hxx;hm;inl;inc;xsd</Extensions>
    </Filter>
    <Filter Include="Resource Files">
      <UniqueIdentifier>{67DA6AB6-F800-4c08-8B7A-83BB121AAD01}</UniqueIdentifier>
      <Extensions>rc;ico;cur;bmp;dlg;rc2;rct;bin;rgs;gif;jpg;jpeg;jpe;resx;tiff;tif;png;wav</Extensions>
    </Filter>
  </ItemGroup>
  <ItemGroup>
    <ClCompile Include="AirCalculationControl.cpp">
      <Filter>Source Files</Filter>
    </ClCompile>
    <ClCompile Include="BasePanel.cpp">
      <Filter>Source Files</Filter>
    </ClCompile>
    <ClCompile Include="BaseViewer.cpp">
      <Filter>Source Files</Filter>
    </ClCompile>
    <ClCompile Include="BitfieldControl.cpp">
      <Filter>Source Files</Filter>
    </ClCompile>
    <ClCompile Include="CheckBoxControl.cpp">
      <Filter>Source Files</Filter>
    </ClCompile>
    <ClCompile Include="ComboEditControl.cpp">
      <Filter>Source Files</Filter>
    </ClCompile>
    <ClCompile Include="DatabaseExport.cpp">
      <Filter>Source Files</Filter>
    </ClCompile>
    <ClCompile Include="DatabaseManager.cpp">
      <Filter>Source Files</Filter>
    </ClCompile>
    <ClCompile Include="DatabaseObjectPanel.cpp">
      <Filter>Source Files</Filter>
    </ClCompile>
    <ClCompile Include="DatePickerDialog.cpp">
      <Filter>Source Files</Filter>
    </ClCompile>
    <ClCompile Include="ECMEvaluationDialog.cpp">
      <Filter>Source Files</Filter>
    </ClCompile>
    <ClCompile Include="EditControl.cpp">
      <Filter>Source Files</Filter>
    </ClCompile>
    <ClCompile Include="EditorMainPage.cpp">
      <Filter>Source Files</Filter>
    </ClCompile>
    <ClCompile Include="FilterDialog.cpp">
      <Filter>Source Files</Filter>
    </ClCompile>
    <ClCompile Include="GameEngineInit.cpp">
      <Filter>Source Files</Filter>
    </ClCompile>
    <ClCompile Include="GridPanel.cpp">
      <Filter>Source Files</Filter>
    </ClCompile>
    <ClCompile Include="ListSelectDialog.cpp">
      <Filter>Source Files</Filter>
    </ClCompile>
    <ClCompile Include="mainframe.cpp">
      <Filter>Source Files</Filter>
    </ClCompile>
    <ClCompile Include="mathplot.cpp">
      <Filter>Source Files</Filter>
    </ClCompile>
    <ClCompile Include="MissileCalculationControl.cpp">
      <Filter>Source Files</Filter>
    </ClCompile>
    <ClCompile Include="NumberEditControl.cpp">
      <Filter>Source Files</Filter>
    </ClCompile>
    <ClCompile Include="PlatformSelectPanel.cpp">
      <Filter>Source Files</Filter>
    </ClCompile>
    <ClCompile Include="RadarCalculationControl.cpp">
      <Filter>Source Files</Filter>
    </ClCompile>
    <ClCompile Include="RenamePlatformDialog.cpp">
      <Filter>Source Files</Filter>
    </ClCompile>
    <ClCompile Include="RenameSetupDialog.cpp">
      <Filter>Source Files</Filter>
    </ClCompile>
    <ClCompile Include="SelectFromTablesDialog.cpp">
      <Filter>Source Files</Filter>
    </ClCompile>
    <ClCompile Include="SetupPanel.cpp">
      <Filter>Source Files</Filter>
    </ClCompile>
    <ClCompile Include="SonarCalculationControl.cpp">
      <Filter>Source Files</Filter>
    </ClCompile>
    <ClCompile Include="SubPanel.cpp">
      <Filter>Source Files</Filter>
    </ClCompile>
    <ClCompile Include="tcToolbar.cpp">
      <Filter>Source Files</Filter>
    </ClCompile>
    <ClCompile Include="TextEditControl.cpp">
      <Filter>Source Files</Filter>
    </ClCompile>
    <ClCompile Include="ToolPanel.cpp">
      <Filter>Source Files</Filter>
    </ClCompile>
  </ItemGroup>
  <ItemGroup>
    <ClInclude Include="AirCalculationControl.h">
      <Filter>Header Files</Filter>
    </ClInclude>
    <ClInclude Include="BasePanel.h">
      <Filter>Header Files</Filter>
    </ClInclude>
    <ClInclude Include="BaseViewer.h">
      <Filter>Header Files</Filter>
    </ClInclude>
    <ClInclude Include="BitfieldControl.h">
      <Filter>Header Files</Filter>
    </ClInclude>
    <ClInclude Include="CheckBoxControl.h">
      <Filter>Header Files</Filter>
    </ClInclude>
    <ClInclude Include="ComboEditControl.h">
      <Filter>Header Files</Filter>
    </ClInclude>
    <ClInclude Include="DatabaseExport.h">
      <Filter>Header Files</Filter>
    </ClInclude>
    <ClInclude Include="DatabaseManager.h">
      <Filter>Header Files</Filter>
    </ClInclude>
    <ClInclude Include="DatabaseObjectPanel.h">
      <Filter>Header Files</Filter>
    </ClInclude>
    <ClInclude Include="DatePickerDialog.h">
      <Filter>Header Files</Filter>
    </ClInclude>
    <ClInclude Include="ECMEvaluationDialog.h">
      <Filter>Header Files</Filter>
    </ClInclude>
    <ClInclude Include="EditControl.h">
      <Filter>Header Files</Filter>
    </ClInclude>
    <ClInclude Include="EditorMainPage.h">
      <Filter>Header Files</Filter>
    </ClInclude>
    <ClInclude Include="FilterDialog.h">
      <Filter>Header Files</Filter>
    </ClInclude>
    <ClInclude Include="Game.h">
      <Filter>Header Files</Filter>
    </ClInclude>
    <ClInclude Include="GameEngineInit.h">
      <Filter>Header Files</Filter>
    </ClInclude>
    <ClInclude Include="GridPanel.h">
      <Filter>Header Files</Filter>
    </ClInclude>
    <ClInclude Include="ListSelectDialog.h">
      <Filter>Header Files</Filter>
    </ClInclude>
    <ClInclude Include="mathplot.h">
      <Filter>Header Files</Filter>
    </ClInclude>
    <ClInclude Include="MissileCalculationControl.h">
      <Filter>Header Files</Filter>
    </ClInclude>
    <ClInclude Include="NumberEditControl.h">
      <Filter>Header Files</Filter>
    </ClInclude>
    <ClInclude Include="PlatformSelectPanel.h">
      <Filter>Header Files</Filter>
    </ClInclude>
    <ClInclude Include="RadarCalculationControl.h">
      <Filter>Header Files</Filter>
    </ClInclude>
    <ClInclude Include="RenamePlatformDialog.h">
      <Filter>Header Files</Filter>
    </ClInclude>
    <ClInclude Include="RenameSetupDialog.h">
      <Filter>Header Files</Filter>
    </ClInclude>
    <ClInclude Include="resource.h">
      <Filter>Header Files</Filter>
    </ClInclude>
    <ClInclude Include="SelectFromTablesDialog.h">
      <Filter>Header Files</Filter>
    </ClInclude>
    <ClInclude Include="SetupPanel.h">
      <Filter>Header Files</Filter>
    </ClInclude>
    <ClInclude Include="SonarCalculationControl.h">
      <Filter>Header Files</Filter>
    </ClInclude>
    <ClInclude Include="SubPanel.h">
      <Filter>Header Files</Filter>
    </ClInclude>
    <ClInclude Include="tcToolbar.h">
      <Filter>Header Files</Filter>
    </ClInclude>
    <ClInclude Include="TextEditControl.h">
      <Filter>Header Files</Filter>
    </ClInclude>
    <ClInclude Include="ToolPanel.h">
      <Filter>Header Files</Filter>
    </ClInclude>
  </ItemGroup>
  <ItemGroup>
    <ResourceCompile Include="dbeditor.rc">
      <Filter>Resource Files</Filter>
    </ResourceCompile>
  </ItemGroup>
</Project>