Microsoft Visual Studio Solution File, Format Version 12.00
# Visual Studio Express 2012 for Windows Desktop
Project("{8BC9CEB8-8B4A-11D0-8D11-00A0C91BC942}") = "moving", "moving.vcxproj", "{B9EDEBD3-BCC0-4ADB-A2BE-CAA2FBCD587E}"
EndProject
Project("{8BC9CEB8-8B4A-11D0-8D11-00A0C91BC942}") = "simple", "simple.vcxproj", "{33F6F3B5-3247-476A-A2D9-19316B88423B}"
EndProject
Project("{8BC9CEB8-8B4A-11D0-8D11-00A0C91BC942}") = "testmic", "testmic.vcxproj", "{F98212F5-A462-4F75-9AF6-4ED4E79A4B1F}"
EndProject
Project("{8BC9CEB8-8B4A-11D0-8D11-00A0C91BC942}") = "testfstream", "testfstream.vcxproj", "{3B36C471-B270-4A97-8A7E-0681ACAFB492}"
EndProject
Project("{8BC9CEB8-8B4A-11D0-8D11-00A0C91BC942}") = "oalpp", "openalpp.vcxproj", "{2BA79A95-C0A7-4F13-9D84-7912AEA4A8B3}"
EndProject
Project("{8BC9CEB8-8B4A-11D0-8D11-00A0C91BC942}") = "multiple", "multiple.vcxproj", "{B9EDEBD3-BCA0-4FDB-A2BE-CAA2FB2D5271}"
EndProject
Global
	GlobalSection(SolutionConfigurationPlatforms) = preSolution
		Debug|Win32 = Debug|Win32
		Release|Win32 = Release|Win32
	EndGlobalSection
	GlobalSection(ProjectConfigurationPlatforms) = postSolution
		{B9EDEBD3-BCC0-4ADB-A2BE-CAA2FBCD587E}.Debug|Win32.ActiveCfg = Debug|Win32
		{B9EDEBD3-BCC0-4ADB-A2BE-CAA2FBCD587E}.Debug|Win32.Build.0 = Debug|Win32
		{B9EDEBD3-BCC0-4ADB-A2BE-CAA2FBCD587E}.Release|Win32.ActiveCfg = Release|Win32
		{B9EDEBD3-BCC0-4ADB-A2BE-CAA2FBCD587E}.Release|Win32.Build.0 = Release|Win32
		{33F6F3B5-3247-476A-A2D9-19316B88423B}.Debug|Win32.ActiveCfg = Debug|Win32
		{33F6F3B5-3247-476A-A2D9-19316B88423B}.Debug|Win32.Build.0 = Debug|Win32
		{33F6F3B5-3247-476A-A2D9-19316B88423B}.Release|Win32.ActiveCfg = Release|Win32
		{33F6F3B5-3247-476A-A2D9-19316B88423B}.Release|Win32.Build.0 = Release|Win32
		{F98212F5-A462-4F75-9AF6-4ED4E79A4B1F}.Debug|Win32.ActiveCfg = Debug|Win32
		{F98212F5-A462-4F75-9AF6-4ED4E79A4B1F}.Debug|Win32.Build.0 = Debug|Win32
		{F98212F5-A462-4F75-9AF6-4ED4E79A4B1F}.Release|Win32.ActiveCfg = Release|Win32
		{F98212F5-A462-4F75-9AF6-4ED4E79A4B1F}.Release|Win32.Build.0 = Release|Win32
		{3B36C471-B270-4A97-8A7E-0681ACAFB492}.Debug|Win32.ActiveCfg = Debug|Win32
		{3B36C471-B270-4A97-8A7E-0681ACAFB492}.Debug|Win32.Build.0 = Debug|Win32
		{3B36C471-B270-4A97-8A7E-0681ACAFB492}.Release|Win32.ActiveCfg = Release|Win32
		{3B36C471-B270-4A97-8A7E-0681ACAFB492}.Release|Win32.Build.0 = Release|Win32
		{2BA79A95-C0A7-4F13-9D84-7912AEA4A8B3}.Debug|Win32.ActiveCfg = Debug|Win32
		{2BA79A95-C0A7-4F13-9D84-7912AEA4A8B3}.Debug|Win32.Build.0 = Debug|Win32
		{2BA79A95-C0A7-4F13-9D84-7912AEA4A8B3}.Release|Win32.ActiveCfg = Release|Win32
		{2BA79A95-C0A7-4F13-9D84-7912AEA4A8B3}.Release|Win32.Build.0 = Release|Win32
		{B9EDEBD3-BCA0-4FDB-A2BE-CAA2FB2D5271}.Debug|Win32.ActiveCfg = Debug|Win32
		{B9EDEBD3-BCA0-4FDB-A2BE-CAA2FB2D5271}.Debug|Win32.Build.0 = Debug|Win32
		{B9EDEBD3-BCA0-4FDB-A2BE-CAA2FB2D5271}.Release|Win32.ActiveCfg = Release|Win32
		{B9EDEBD3-BCA0-4FDB-A2BE-CAA2FB2D5271}.Release|Win32.Build.0 = Release|Win32
	EndGlobalSection
	GlobalSection(SolutionProperties) = preSolution
		HideSolutionNode = FALSE
	EndGlobalSection
EndGlobal
