<?xml version="1.0" encoding="utf-8"?>
<Project ToolsVersion="4.0" xmlns="http://schemas.microsoft.com/developer/msbuild/2003">
  <ItemGroup>
    <Filter Include="Source files">
      <UniqueIdentifier>{f0d2009b-0522-4b23-be4e-44b4b97dc789}</UniqueIdentifier>
    </Filter>
    <Filter Include="Header files">
      <UniqueIdentifier>{cce056c0-c247-491b-bc53-42476bf62d22}</UniqueIdentifier>
    </Filter>
  </ItemGroup>
  <ItemGroup>
    <ClCompile Include="..\src\audiobase.cpp">
      <Filter>Source files</Filter>
    </ClCompile>
    <ClCompile Include="..\src\audioconvert.cpp">
      <Filter>Source files</Filter>
    </ClCompile>
    <ClCompile Include="..\src\audioenvironment.cpp">
      <Filter>Source files</Filter>
    </ClCompile>
    <ClCompile Include="..\src\error.cpp">
      <Filter>Source files</Filter>
    </ClCompile>
    <ClCompile Include="..\src\filestream.cpp">
      <Filter>Source files</Filter>
    </ClCompile>
    <ClCompile Include="..\src\filestreamupdater.cpp">
      <Filter>Source files</Filter>
    </ClCompile>
    <ClCompile Include="..\src\groupsource.cpp">
      <Filter>Source files</Filter>
    </ClCompile>
    <ClCompile Include="..\src\listener.cpp">
      <Filter>Source files</Filter>
    </ClCompile>
    <ClCompile Include="..\src\openalpp.cpp">
      <Filter>Source files</Filter>
    </ClCompile>
    <ClCompile Include="..\src\referenced.cpp">
      <Filter>Source files</Filter>
    </ClCompile>
    <ClCompile Include="..\src\sample.cpp">
      <Filter>Source files</Filter>
    </ClCompile>
    <ClCompile Include="..\src\sounddata.cpp">
      <Filter>Source files</Filter>
    </ClCompile>
    <ClCompile Include="..\src\source.cpp">
      <Filter>Source files</Filter>
    </ClCompile>
    <ClCompile Include="..\src\sourcebase.cpp">
      <Filter>Source files</Filter>
    </ClCompile>
    <ClCompile Include="..\src\stream.cpp">
      <Filter>Source files</Filter>
    </ClCompile>
    <ClCompile Include="..\src\streamupdater.cpp">
      <Filter>Source files</Filter>
    </ClCompile>
  </ItemGroup>
  <ItemGroup>
    <ClInclude Include="..\include\openalpp\alpp.h">
      <Filter>Header files</Filter>
    </ClInclude>
    <ClInclude Include="..\include\openalpp\audiobase.h">
      <Filter>Header files</Filter>
    </ClInclude>
    <ClInclude Include="..\include\openalpp\audioconvert.h">
      <Filter>Header files</Filter>
    </ClInclude>
    <ClInclude Include="..\include\openalpp\audioenvironment.h">
      <Filter>Header files</Filter>
    </ClInclude>
    <ClInclude Include="..\include\openalpp\config.h">
      <Filter>Header files</Filter>
    </ClInclude>
    <ClInclude Include="..\include\openalpp\error.h">
      <Filter>Header files</Filter>
    </ClInclude>
    <ClInclude Include="..\include\openalpp\export.h">
      <Filter>Header files</Filter>
    </ClInclude>
    <ClInclude Include="..\include\openalpp\filestream.h">
      <Filter>Header files</Filter>
    </ClInclude>
    <ClInclude Include="..\include\openalpp\filestreamupdater.h">
      <Filter>Header files</Filter>
    </ClInclude>
    <ClInclude Include="..\include\openalpp\groupsource.h">
      <Filter>Header files</Filter>
    </ClInclude>
    <ClInclude Include="..\include\openalpp\inputdevice.h">
      <Filter>Header files</Filter>
    </ClInclude>
    <ClInclude Include="..\include\openalpp\listener.h">
      <Filter>Header files</Filter>
    </ClInclude>
    <ClInclude Include="..\include\openalpp\positionedobject.h">
      <Filter>Header files</Filter>
    </ClInclude>
    <ClInclude Include="..\include\openalpp\sample.h">
      <Filter>Header files</Filter>
    </ClInclude>
    <ClInclude Include="..\include\openalpp\sounddata.h">
      <Filter>Header files</Filter>
    </ClInclude>
    <ClInclude Include="..\include\openalpp\source.h">
      <Filter>Header files</Filter>
    </ClInclude>
    <ClInclude Include="..\include\openalpp\sourcebase.h">
      <Filter>Header files</Filter>
    </ClInclude>
    <ClInclude Include="..\include\openalpp\stream.h">
      <Filter>Header files</Filter>
    </ClInclude>
    <ClInclude Include="..\include\openalpp\streamupdater.h">
      <Filter>Header files</Filter>
    </ClInclude>
    <ClInclude Include="..\include\openalpp\windowsstuff.h">
      <Filter>Header files</Filter>
    </ClInclude>
  </ItemGroup>
</Project>